# THIS IS AN AUTOGENERATED FILE. DO NOT EDIT THIS FILE DIRECTLY.
# yarn lockfile v1


"@babel/parser@^7.16.4":
  "integrity" "sha512-AqDccGC+m5O/iUStSJy3DGRIUFu7WbY/CppZYwrEUB4N0tZlnI8CSTsgL7v5fHVFmUbRv2sd+yy27o8Ydt4MGg=="
  "resolved" "https://registry.npmmirror.com/@babel/parser/-/parser-7.18.0.tgz"
  "version" "7.18.0"

"@ctrl/tinycolor@^3.4.1":
  "integrity" "sha512-ej5oVy6lykXsvieQtqZxCOaLT+xD4+QNarq78cIYISHmZXshCvROLudpQN3lfL8G0NL7plMSSK+zlyvCaIJ4Iw=="
  "resolved" "https://registry.npmmirror.com/@ctrl/tinycolor/-/tinycolor-3.4.1.tgz"
  "version" "3.4.1"

"@element-plus/icons-vue@^1.1.4":
  "integrity" "sha512-Iz/nHqdp1sFPmdzRwHkEQQA3lKvoObk8azgABZ81QUOpW9s/lUyQVUSh0tNtEPZXQlKwlSh7SPgoVxzrE0uuVQ=="
  "resolved" "https://registry.npmmirror.com/@element-plus/icons-vue/-/icons-vue-1.1.4.tgz"
  "version" "1.1.4"

"@floating-ui/core@^0.7.1":
  "integrity" "sha512-grcqEmI8DTIolufpxhJagVeJmvloxBXE6xxSrVnSXz/Wz1uUIsC85ad+UNBqAoBOvzLxE42wvDj3YkmSGqWRxA=="
  "resolved" "https://registry.npmmirror.com/@floating-ui/core/-/core-0.7.1.tgz"
  "version" "0.7.1"

"@floating-ui/dom@^0.5.0":
  "integrity" "sha512-dkPSy5JPiQEtljc3VpG9lauYctxfLlqj/8N9f+lmsR92gQaSVMAWuBbFBH2keY5DmdQn3p4Dv1dQd+e8osH+/g=="
  "resolved" "https://registry.npmmirror.com/@floating-ui/dom/-/dom-0.5.1.tgz"
  "version" "0.5.1"
  dependencies:
    "@floating-ui/core" "^0.7.1"

"@popperjs/core@^2.10.2", "@popperjs/core@npm:@sxzz/popperjs-es@^2.11.7":
  "integrity" "sha512-Ccy0NlLkzr0Ex2FKvh2X+OyERHXJ88XJ1MXtsI9y9fGexlaXaVTPzBCRBwIxFkORuOb+uBqeu+RqnpgYTEZRUQ=="
  "resolved" "https://registry.npmmirror.com/@sxzz/popperjs-es/-/popperjs-es-2.11.7.tgz"
  "version" "2.11.7"

"@types/lodash-es@*", "@types/lodash-es@^4.17.6":
  "integrity" "sha512-R+zTeVUKDdfoRxpAryaQNRKk3105Rrgx2CFRClIgRGaqDTdjsm8h6IYA8ir584W3ePzkZfst5xIgDwYrlh9HLg=="
  "resolved" "https://registry.npmmirror.com/@types/lodash-es/-/lodash-es-4.17.6.tgz"
  "version" "4.17.6"
  dependencies:
    "@types/lodash" "*"

"@types/lodash@*", "@types/lodash@^4.14.182":
  "integrity" "sha512-/THyiqyQAP9AfARo4pF+aCGcyiQ94tX/Is2I7HofNRqoYLgN1PBoOWu2/zTA5zMxzP5EFutMtWtGAFRKUe961Q=="
  "resolved" "https://registry.npmmirror.com/@types/lodash/-/lodash-4.14.182.tgz"
  "version" "4.14.182"

"@vue/compiler-core@3.2.35":
  "integrity" "sha512-1Mtmh8ceVUoUsn/PME5oM+Dus648rCeV/fBaZ4ERLFbTHBJXj6QmDPrSn9mfEyPDXE0RYIwyJNn884NdWK+Yiw=="
  "resolved" "https://registry.npmmirror.com/@vue/compiler-core/-/compiler-core-3.2.35.tgz"
  "version" "3.2.35"
  dependencies:
    "@babel/parser" "^7.16.4"
    "@vue/shared" "3.2.35"
    "estree-walker" "^2.0.2"
    "source-map" "^0.6.1"

"@vue/compiler-dom@3.2.35":
  "integrity" "sha512-I4bXB9MkRSTJ3gVXRQ4iaYJgABZGew+K/CCBoAh9fdLaeY7A7uUlS5nWGOlICSVfOH0/xk4QlcXeGZYCJkEleA=="
  "resolved" "https://registry.npmmirror.com/@vue/compiler-dom/-/compiler-dom-3.2.35.tgz"
  "version" "3.2.35"
  dependencies:
    "@vue/compiler-core" "3.2.35"
    "@vue/shared" "3.2.35"

"@vue/compiler-sfc@3.2.35":
  "integrity" "sha512-2wKQtnuHfwBFc7uV2Cmtms3Cc7u/u6kKJI3F+i0A+9xnuahK39cCMNJKHzI9x93Xai+uft64fDc5JSh8zDQBQA=="
  "resolved" "https://registry.npmmirror.com/@vue/compiler-sfc/-/compiler-sfc-3.2.35.tgz"
  "version" "3.2.35"
  dependencies:
    "@babel/parser" "^7.16.4"
    "@vue/compiler-core" "3.2.35"
    "@vue/compiler-dom" "3.2.35"
    "@vue/compiler-ssr" "3.2.35"
    "@vue/reactivity-transform" "3.2.35"
    "@vue/shared" "3.2.35"
    "estree-walker" "^2.0.2"
    "magic-string" "^0.25.7"
    "postcss" "^8.1.10"
    "source-map" "^0.6.1"

"@vue/compiler-ssr@3.2.35":
  "integrity" "sha512-dJyqB8fZbvVQEnWl5VGxkWHTqx0ERnZXXqInFzyOX8FpTEidmQbUSmDrXidea7bZTdeg6ly94kZFGPYXT29mgQ=="
  "resolved" "https://registry.npmmirror.com/@vue/compiler-ssr/-/compiler-ssr-3.2.35.tgz"
  "version" "3.2.35"
  dependencies:
    "@vue/compiler-dom" "3.2.35"
    "@vue/shared" "3.2.35"

"@vue/reactivity-transform@3.2.35":
  "integrity" "sha512-VjdQU4nIrgsh1iPqAdYZufWgFqdH9fIl6ttO2PCFlLsrQl7b8BcuawM6moSBLF8damBzSNcqvbvQDBhsI3fyVQ=="
  "resolved" "https://registry.npmmirror.com/@vue/reactivity-transform/-/reactivity-transform-3.2.35.tgz"
  "version" "3.2.35"
  dependencies:
    "@babel/parser" "^7.16.4"
    "@vue/compiler-core" "3.2.35"
    "@vue/shared" "3.2.35"
    "estree-walker" "^2.0.2"
    "magic-string" "^0.25.7"

"@vue/reactivity@3.2.35":
  "integrity" "sha512-6j9N9R1SwHVcJas4YqAzwdRS/cgmj3Z9aUert5Mv1jk5B9H9ivN/zot/fgMUbseWXigkkmX60OsfRbz49o8kCw=="
  "resolved" "https://registry.npmmirror.com/@vue/reactivity/-/reactivity-3.2.35.tgz"
  "version" "3.2.35"
  dependencies:
    "@vue/shared" "3.2.35"

"@vue/runtime-core@3.2.35":
  "integrity" "sha512-P8AeGPRGyIiYdOdvLc/7KR8VSdbUGG8Jxdx6Xlj5okEjyV9IYxeHRIQIoye85K0lZXBH4zuh1syD1mX+oZ0KqQ=="
  "resolved" "https://registry.npmmirror.com/@vue/runtime-core/-/runtime-core-3.2.35.tgz"
  "version" "3.2.35"
  dependencies:
    "@vue/reactivity" "3.2.35"
    "@vue/shared" "3.2.35"

"@vue/runtime-dom@3.2.35":
  "integrity" "sha512-M5xrVJ/b0KqssjPQMdpwLp3KwzG1Tn2w/IrOptVqGY5c9fEBluIbm18AeO4Fr3YxfeyaPWm1rY8POrEso0UE3w=="
  "resolved" "https://registry.npmmirror.com/@vue/runtime-dom/-/runtime-dom-3.2.35.tgz"
  "version" "3.2.35"
  dependencies:
    "@vue/runtime-core" "3.2.35"
    "@vue/shared" "3.2.35"
    "csstype" "^2.6.8"

"@vue/server-renderer@3.2.35":
  "integrity" "sha512-ZMF8V+bZ0EIjSB7yzPEmDlxRDOIXj04iqG4Rw/H5rIuBCf0b7rNTleiOldlX5haG++zUq6uiL2AVp/A9uyz+cw=="
  "resolved" "https://registry.npmmirror.com/@vue/server-renderer/-/server-renderer-3.2.35.tgz"
  "version" "3.2.35"
  dependencies:
    "@vue/compiler-ssr" "3.2.35"
    "@vue/shared" "3.2.35"

"@vue/shared@3.2.35":
  "integrity" "sha512-/sxDqMcy0MsfQ3LQixKYDxIinDYNy1dXTsF2Am0pv0toImWabymFQ8cFmPJnPt+gh5ElKwwn7KzQcDbLHar60A=="
  "resolved" "https://registry.npmmirror.com/@vue/shared/-/shared-3.2.35.tgz"
  "version" "3.2.35"

"@vueuse/core@^8.5.0":
  "integrity" "sha512-VEJ6sGNsPlUp0o9BGda2YISvDZbhWJSOJu5zlp2TufRGVrLcYUKr31jyFEOj6RXzG3k/H4aCYeZyjpItfU8glw=="
  "resolved" "https://registry.npmmirror.com/@vueuse/core/-/core-8.5.0.tgz"
  "version" "8.5.0"
  dependencies:
    "@vueuse/metadata" "8.5.0"
    "@vueuse/shared" "8.5.0"
    "vue-demi" "*"

"@vueuse/metadata@8.5.0":
  "integrity" "sha512-WxsD+Cd+bn+HcjpY6Dl9FJ8ywTRTT9pTwk3bCQpzEhXVYAyNczKDSahk50fCfIJKeWHhyI4B2+/ZEOxQAkUr0g=="
  "resolved" "https://registry.npmmirror.com/@vueuse/metadata/-/metadata-8.5.0.tgz"
  "version" "8.5.0"

"@vueuse/shared@8.5.0":
  "integrity" "sha512-qKG+SZb44VvGD4dU5cQ63z4JE2Yk39hQUecR0a9sEdJA01cx+XrxAvFKJfPooxwoiqalAVw/ktWK6xbyc/jS3g=="
  "resolved" "https://registry.npmmirror.com/@vueuse/shared/-/shared-8.5.0.tgz"
  "version" "8.5.0"
  dependencies:
    "vue-demi" "*"

"async-validator@^4.1.1":
  "integrity" "sha512-p4DO/JXwjs8klJyJL8Q2oM4ks5fUTze/h5k10oPPKMiLe1fj3G1QMzPHNmN1Py4ycOk7WlO2DcGXv1qiESJCZA=="
  "resolved" "https://registry.npmmirror.com/async-validator/-/async-validator-4.1.1.tgz"
  "version" "4.1.1"

"bootstrap@^5.1.3":
  "integrity" "sha512-fcQztozJ8jToQWXxVuEyXWW+dSo8AiXWKwiSSrKWsRB/Qt+Ewwza+JWoLKiTuQLaEPhdNAJ7+Dosc9DOIqNy7Q=="
  "resolved" "https://registry.npmjs.org/bootstrap/-/bootstrap-5.1.3.tgz"
  "version" "5.1.3"

"copy-anything@^2.0.1":
  "integrity" "sha512-1j20GZTsvKNkc4BY3NpMOM8tt///wY3FpIzozTOFO2ffuZcV61nojHXVKIy3WM+7ADCy5FVhdZYHYDdgTU0yJw=="
  "resolved" "https://registry.npmjs.org/copy-anything/-/copy-anything-2.0.6.tgz"
  "version" "2.0.6"
  dependencies:
    "is-what" "^3.14.1"

"csstype@^2.6.8":
  "integrity" "sha512-/WwNkdXfckNgw6S5R125rrW8ez139lBHWouiBvX8dfMFtcn6V81REDqnH7+CRpRipfYlyU1CmOnOxrmGcFOjeA=="
  "resolved" "https://registry.npmmirror.com/csstype/-/csstype-2.6.20.tgz"
  "version" "2.6.20"

"dayjs@^1.11.2":
  "integrity" "sha512-F4LXf1OeU9hrSYRPTTj/6FbO4HTjPKXvEIC1P2kcnFurViINCVk3ZV0xAS3XVx9MkMsXbbqlK6hjseaYbgKEHw=="
  "resolved" "https://registry.npmmirror.com/dayjs/-/dayjs-1.11.2.tgz"
  "version" "1.11.2"

"debug@^3.2.6":
  "integrity" "sha512-CFjzYYAi4ThfiQvizrFQevTTXHtnCqWfe7x1AhgEscTz6ZbLbfoLRLPugTQyBth6f8ZERVUSyWHFD/7Wu4t1XQ=="
  "resolved" "https://registry.npmjs.org/debug/-/debug-3.2.7.tgz"
  "version" "3.2.7"
  dependencies:
    "ms" "^2.1.1"

"element-plus@^2.2.1":
  "integrity" "sha512-+U3Rq6S2lrzgFWlO1IvqBRtWuOGfyA84OSJOTDC8DHG6XkbNE507Thueb+9Ghk8eIqjGtpvje5hEQRWOJ85+pA=="
  "resolved" "https://registry.npmmirror.com/element-plus/-/element-plus-2.2.1.tgz"
  "version" "2.2.1"
  dependencies:
    "@ctrl/tinycolor" "^3.4.1"
    "@element-plus/icons-vue" "^1.1.4"
    "@floating-ui/dom" "^0.5.0"
    "@popperjs/core" "npm:@sxzz/popperjs-es@^2.11.7"
    "@types/lodash" "^4.14.182"
    "@types/lodash-es" "^4.17.6"
    "@vueuse/core" "^8.5.0"
    "async-validator" "^4.1.1"
    "dayjs" "^1.11.2"
    "escape-html" "^1.0.3"
    "lodash" "^4.17.21"
    "lodash-es" "^4.17.21"
    "lodash-unified" "^1.0.2"
    "memoize-one" "^6.0.0"
    "normalize-wheel-es" "^1.1.2"

"errno@^0.1.1":
  "integrity" "sha512-dJ6oBr5SQ1VSd9qkk7ByRgb/1SH4JZjCHSW/mr63/QcXO9zLVxvJ6Oy13nio03rxpSnVDDjFor75SjVeZWPW/A=="
  "resolved" "https://registry.npmjs.org/errno/-/errno-0.1.8.tgz"
  "version" "0.1.8"
  dependencies:
    "prr" "~1.0.1"

"escape-html@^1.0.3":
  "integrity" "sha512-NiSupZ4OeuGwr68lGIeym/ksIZMJodUGOSCZ/FSnTxcrekbvqrgdUxlJOMpijaKZVjAJrWrGs/6Jy8OMuyj9ow=="
  "resolved" "https://registry.npmmirror.com/escape-html/-/escape-html-1.0.3.tgz"
  "version" "1.0.3"

"estree-walker@^2.0.2":
  "integrity" "sha512-Rfkk/Mp/DL7JVje3u18FxFujQlTNR2q6QfMSMB7AvCBx91NGj/ba3kCfza0f6dVDbw7YlRf/nDrn7pQrCCyQ/w=="
  "resolved" "https://registry.npmmirror.com/estree-walker/-/estree-walker-2.0.2.tgz"
  "version" "2.0.2"

"graceful-fs@^4.1.2":
  "integrity" "sha512-9ByhssR2fPVsNZj478qUUbKfmL0+t5BDVyjShtyZZLiK7ZDAArFFfopyOTj0M05wE2tJPisA4iTnnXl2YoPvOA=="
  "resolved" "https://registry.npmjs.org/graceful-fs/-/graceful-fs-4.2.10.tgz"
  "version" "4.2.10"

"iconv-lite@^0.4.4":
  "integrity" "sha512-v3MXnZAcvnywkTUEZomIActle7RXXeedOR31wwl7VlyoXO4Qi9arvSenNQWne1TcRwhCL1HwLI21bEqdpj8/rA=="
  "resolved" "https://registry.npmjs.org/iconv-lite/-/iconv-lite-0.4.24.tgz"
  "version" "0.4.24"
  dependencies:
    "safer-buffer" ">= 2.1.2 < 3"

"image-size@~0.5.0":
  "integrity" "sha1-Cd/Uq50g4p6xw+gLiZA3jfnjy5w="
  "resolved" "https://registry.npmjs.org/image-size/-/image-size-0.5.5.tgz"
  "version" "0.5.5"

"is-what@^3.14.1":
  "integrity" "sha512-sNxgpk9793nzSs7bA6JQJGeIuRBQhAaNGG77kzYQgMkrID+lS6SlK07K5LaptscDlSaIgH+GPFzf+d75FVxozA=="
  "resolved" "https://registry.npmjs.org/is-what/-/is-what-3.14.1.tgz"
  "version" "3.14.1"

"jQuery@^1.7.4":
  "integrity" "sha1-8y3FyFpwRO6GS0RDue5F+UeLoTc="
  "resolved" "https://registry.npmjs.org/jQuery/-/jQuery-1.7.4.tgz"
  "version" "1.7.4"

"less@^4.1.2":
  "integrity" "sha512-EoQp/Et7OSOVu0aJknJOtlXZsnr8XE8KwuzTHOLeVSEx8pVWUICc8Q0VYRHgzyjX78nMEyC/oztWFbgyhtNfDA=="
  "resolved" "https://registry.npmjs.org/less/-/less-4.1.2.tgz"
  "version" "4.1.2"
  dependencies:
    "copy-anything" "^2.0.1"
    "parse-node-version" "^1.0.1"
    "tslib" "^2.3.0"
  optionalDependencies:
    "errno" "^0.1.1"
    "graceful-fs" "^4.1.2"
    "image-size" "~0.5.0"
    "make-dir" "^2.1.0"
    "mime" "^1.4.1"
    "needle" "^2.5.2"
    "source-map" "~0.6.0"

"lodash-es@*", "lodash-es@^4.17.21":
  "integrity" "sha512-mKnC+QJ9pWVzv+C4/U3rRsHapFfHvQFoFB92e52xeyGMcX6/OlIl78je1u8vePzYZSkkogMPJ2yjxxsb89cxyw=="
  "resolved" "https://registry.npmmirror.com/lodash-es/-/lodash-es-4.17.21.tgz"
  "version" "4.17.21"

"lodash-unified@^1.0.2":
  "integrity" "sha512-OGbEy+1P+UT26CYi4opY4gebD8cWRDxAT6MAObIVQMiqYdxZr1g3QHWCToVsm31x2NkLS4K3+MC2qInaRMa39g=="
  "resolved" "https://registry.npmmirror.com/lodash-unified/-/lodash-unified-1.0.2.tgz"
  "version" "1.0.2"

"lodash@*", "lodash@^4.17.21":
  "integrity" "sha512-v2kDEe57lecTulaDIuNTPy3Ry4gLGJ6Z1O3vE1krgXZNrsQ+LFTGHVxVjcXPs17LhbZVGedAJv8XZ1tvj5FvSg=="
  "resolved" "https://registry.npmmirror.com/lodash/-/lodash-4.17.21.tgz"
  "version" "4.17.21"

"magic-string@^0.25.7":
  "integrity" "sha512-RmF0AsMzgt25qzqqLc1+MbHmhdx0ojF2Fvs4XnOqz2ZOBXzzkEwc/dJQZCYHAn7v1jbVOjAZfK8msRn4BxO4VQ=="
  "resolved" "https://registry.npmmirror.com/magic-string/-/magic-string-0.25.9.tgz"
  "version" "0.25.9"
  dependencies:
    "sourcemap-codec" "^1.4.8"

"make-dir@^2.1.0":
  "integrity" "sha512-LS9X+dc8KLxXCb8dni79fLIIUA5VyZoyjSMCwTluaXA0o27cCK0bhXkpgw+sTXVpPy/lSO57ilRixqk0vDmtRA=="
  "resolved" "https://registry.npmjs.org/make-dir/-/make-dir-2.1.0.tgz"
  "version" "2.1.0"
  dependencies:
    "pify" "^4.0.1"
    "semver" "^5.6.0"

"memoize-one@^6.0.0":
  "integrity" "sha512-rkpe71W0N0c0Xz6QD0eJETuWAJGnJ9afsl1srmwPrI+yBCkge5EycXXbYRyvL29zZVUWQCY7InPRCv3GDXuZNw=="
  "resolved" "https://registry.npmmirror.com/memoize-one/-/memoize-one-6.0.0.tgz"
  "version" "6.0.0"

"mime@^1.4.1":
  "integrity" "sha512-x0Vn8spI+wuJ1O6S7gnbaQg8Pxh4NNHb7KSINmEWKiPE4RKOplvijn+NkmYmmRgP68mc70j2EbeTFRsrswaQeg=="
  "resolved" "https://registry.npmjs.org/mime/-/mime-1.6.0.tgz"
  "version" "1.6.0"

"ms@^2.1.1":
  "integrity" "sha512-6FlzubTLZG3J2a/NVCAleEhjzq5oxgHyaCU9yYXvcLsvoVaHJq/s5xXI6/XXP6tz7R9xAOtHnSO/tXtF3WRTlA=="
  "resolved" "https://registry.npmjs.org/ms/-/ms-2.1.3.tgz"
  "version" "2.1.3"

"nanoid@^3.3.4":
  "integrity" "sha512-MqBkQh/OHTS2egovRtLk45wEyNXwF+cokD+1YPf9u5VfJiRdAiRwB2froX5Co9Rh20xs4siNPm8naNotSD6RBw=="
  "resolved" "https://registry.npmmirror.com/nanoid/-/nanoid-3.3.4.tgz"
  "version" "3.3.4"

"needle@^2.5.2":
  "integrity" "sha512-6R9fqJ5Zcmf+uYaFgdIHmLwNldn5HbK8L5ybn7Uz+ylX/rnOsSp1AHcvQSrCaFN+qNM1wpymHqD7mVasEOlHGQ=="
  "resolved" "https://registry.npmjs.org/needle/-/needle-2.9.1.tgz"
  "version" "2.9.1"
  dependencies:
    "debug" "^3.2.6"
    "iconv-lite" "^0.4.4"
    "sax" "^1.2.4"

"normalize-wheel-es@^1.1.2":
  "integrity" "sha512-scX83plWJXYH1J4+BhAuIHadROzxX0UBF3+HuZNY2Ks8BciE7tSTQ+5JhTsvzjaO0/EJdm4JBGrfObKxFf3Png=="
  "resolved" "https://registry.npmmirror.com/normalize-wheel-es/-/normalize-wheel-es-1.1.2.tgz"
  "version" "1.1.2"

"parse-node-version@^1.0.1":
  "integrity" "sha512-3YHlOa/JgH6Mnpr05jP9eDG254US9ek25LyIxZlDItp2iJtwyaXQb57lBYLdT3MowkUFYEV2XXNAYIPlESvJlA=="
  "resolved" "https://registry.npmjs.org/parse-node-version/-/parse-node-version-1.0.1.tgz"
  "version" "1.0.1"

"picocolors@^1.0.0":
  "integrity" "sha512-1fygroTLlHu66zi26VoTDv8yRgm0Fccecssto+MhsZ0D/DGW2sm8E8AjW7NU5VVTRt5GxbeZ5qBuJr+HyLYkjQ=="
  "resolved" "https://registry.npmmirror.com/picocolors/-/picocolors-1.0.0.tgz"
  "version" "1.0.0"

"pify@^4.0.1":
  "integrity" "sha512-uB80kBFb/tfd68bVleG9T5GGsGPjJrLAUpR5PZIrhBnIaRTQRjqdJSsIKkOP6OAIFbj7GOrcudc5pNjZ+geV2g=="
  "resolved" "https://registry.npmjs.org/pify/-/pify-4.0.1.tgz"
  "version" "4.0.1"

"postcss@^8.1.10":
  "integrity" "sha512-E398TUmfAYFPBSdzgeieK2Y1+1cpdxJx8yXbK/m57nRhKSmk1GB2tO4lbLBtlkfPQTDKfe4Xqv1ASWPpayPEig=="
  "resolved" "https://registry.npmmirror.com/postcss/-/postcss-8.4.14.tgz"
  "version" "8.4.14"
  dependencies:
    "nanoid" "^3.3.4"
    "picocolors" "^1.0.0"
    "source-map-js" "^1.0.2"

"prr@~1.0.1":
  "integrity" "sha1-0/wRS6BplaRexok/SEzrHXj19HY="
  "resolved" "https://registry.npmjs.org/prr/-/prr-1.0.1.tgz"
  "version" "1.0.1"

"safer-buffer@>= 2.1.2 < 3":
  "integrity" "sha512-YZo3K82SD7Riyi0E1EQPojLz7kpepnSQI9IyPbHHg1XXXevb5dJI7tpyN2ADxGcQbHG7vcyRHk0cbwqcQriUtg=="
  "resolved" "https://registry.npmjs.org/safer-buffer/-/safer-buffer-2.1.2.tgz"
  "version" "2.1.2"

"sax@^1.2.4":
  "integrity" "sha512-NqVDv9TpANUjFm0N8uM5GxL36UgKi9/atZw+x7YFnQ8ckwFGKrl4xX4yWtrey3UJm5nP1kUbnYgLopqWNSRhWw=="
  "resolved" "https://registry.npmjs.org/sax/-/sax-1.2.4.tgz"
  "version" "1.2.4"

"semver@^5.6.0":
  "integrity" "sha512-sauaDf/PZdVgrLTNYHRtpXa1iRiKcaebiKQ1BJdpQlWH2lCvexQdX55snPFyK7QzpudqbCI0qXFfOasHdyNDGQ=="
  "resolved" "https://registry.npmjs.org/semver/-/semver-5.7.1.tgz"
  "version" "5.7.1"

"source-map-js@^1.0.2":
  "integrity" "sha512-R0XvVJ9WusLiqTCEiGCmICCMplcCkIwwR11mOSD9CR5u+IXYdiseeEuXCVAjS54zqwkLcPNnmU4OeJ6tUrWhDw=="
  "resolved" "https://registry.npmmirror.com/source-map-js/-/source-map-js-1.0.2.tgz"
  "version" "1.0.2"

"source-map@^0.6.1", "source-map@~0.6.0":
  "integrity" "sha512-UjgapumWlbMhkBgzT7Ykc5YXUT46F0iKu8SGXq0bcwP5dz/h0Plj6enJqjz1Zbq2l5WaqYnrVbwWOWMyF3F47g=="
  "resolved" "https://registry.npmjs.org/source-map/-/source-map-0.6.1.tgz"
  "version" "0.6.1"

"sourcemap-codec@^1.4.8":
  "integrity" "sha512-9NykojV5Uih4lgo5So5dtw+f0JgJX30KCNI8gwhz2J9A15wD0Ml6tjHKwf6fTSa6fAdVBdZeNOs9eJ71qCk8vA=="
  "resolved" "https://registry.npmmirror.com/sourcemap-codec/-/sourcemap-codec-1.4.8.tgz"
  "version" "1.4.8"

"tslib@^2.3.0":
  "integrity" "sha512-d6xOpEDfsi2CZVlPQzGeux8XMwLT9hssAsaPYExaQMuYskwb+x1x7J371tWlbBdWHroy99KnVB6qIkUbs5X3UQ=="
  "resolved" "https://registry.npmjs.org/tslib/-/tslib-2.4.0.tgz"
  "version" "2.4.0"

"vue-demi@*":
  "integrity" "sha512-BREuTgTYlUr0zw0EZn3hnhC3I6gPWv+Kwh4MCih6QcAeaTlaIX0DwOVN0wHej7hSvDPecz4jygy/idsgKfW58Q=="
  "resolved" "https://registry.npmmirror.com/vue-demi/-/vue-demi-0.12.5.tgz"
  "version" "0.12.5"

"vue@^2.6.0 || ^3.2.0", "vue@^3.0.0-0 || ^2.6.0", "vue@^3.2.0", "vue@3.2.35":
  "integrity" "sha512-mc/15B0Wjd/4JMMGOcXUQAeXfjyg8MImA2EVZucNdyDPJe1nXhMNbYXOEVPEGfk/mCeyszCzl44dSAhHhQVH8g=="
  "resolved" "https://registry.npmmirror.com/vue/-/vue-3.2.35.tgz"
  "version" "3.2.35"
  dependencies:
    "@vue/compiler-dom" "3.2.35"
    "@vue/compiler-sfc" "3.2.35"
    "@vue/runtime-dom" "3.2.35"
    "@vue/server-renderer" "3.2.35"
    "@vue/shared" "3.2.35"
